
Microsoft Visual Studio Solution File, Format Version 12.00
# Visual Studio Version 16
VisualStudioVersion = 16.0.30717.126
MinimumVisualStudioVersion = 10.0.40219.1
Project("{2150E333-8FDC-42A3-9474-1A3956D46DE8}") = "Solution Items", "Solution Items", "{482F1065-698C-4B33-872D-708E317E118B}"
	ProjectSection(SolutionItems) = preProject
		Mods\Directory.Build.props = Mods\Directory.Build.props
		Mods\Directory.Build.targets = Mods\Directory.Build.targets
	EndProjectSection
EndProject
Project("{2150E333-8FDC-42A3-9474-1A3956D46DE8}") = "_Build", "_Build", "{8EB86F81-2694-47F9-BFDA-7D7CF7896DF1}"
EndProject
Project("{9A19103F-16F7-4668-BE54-9A1E7A4F7556}") = "ModPackageTask", "_Build\ModPackageTask\ModPackageTask.csproj", "{1182D8F2-0456-49AC-8C4C-77E09723949F}"
EndProject
Project("{D954291E-2A0B-460D-934E-DC6B0785DB48}") = "_Shared", "Mods\_Shared\_Shared.shproj", "{8AA4E47C-0BD2-4E1E-9A47-0B1BBB935D00}"
EndProject
Project("{9A19103F-16F7-4668-BE54-9A1E7A4F7556}") = "HelloWorld", "Mods\HelloWorld\HelloWorld.csproj", "{78E707C6-4864-448B-9B44-439BD1FEE26E}"
EndProject
Project("{9A19103F-16F7-4668-BE54-9A1E7A4F7556}") = "MoreInfo", "Mods\MoreInfo\MoreInfo.csproj", "{2E6DCACF-514A-48C3-BBAC-3CD9A49DBE24}"
EndProject
Project("{9A19103F-16F7-4668-BE54-9A1E7A4F7556}") = "SLManager", "Mods\SLManager\SLManager.csproj", "{D158FB2D-DCFA-44C8-A70D-02C8420674FF}"
EndProject
Project("{9A19103F-16F7-4668-BE54-9A1E7A4F7556}") = "GongFaBook", "Mods\GongFaBook\GongFaBook.csproj", "{208A40D3-4905-4261-B396-279BF137B343}"
EndProject
Project("{9A19103F-16F7-4668-BE54-9A1E7A4F7556}") = "CharacterFloatInfo", "Mods\CharacterFloatInfo\CharacterFloatInfo.csproj", "{1745A9FF-FCE6-4D53-A9C4-8FD0FA6AFE5F}"
EndProject
Project("{9A19103F-16F7-4668-BE54-9A1E7A4F7556}") = "UseStorageMaterial", "Mods\UseStorageMaterial\UseStorageMaterial.csproj", "{BB9BA7F8-BC3D-4B69-A31E-3EB09BE05DFA}"
EndProject
Project("{9A19103F-16F7-4668-BE54-9A1E7A4F7556}") = "UseStorageBook", "Mods\UseStorageBook\UseStorageBook.csproj", "{230C1396-9DD5-4D2C-98F5-5D700425F785}"
EndProject
Project("{9A19103F-16F7-4668-BE54-9A1E7A4F7556}") = "GuiBaseUI", "Mods\GuiBaseUI\GuiBaseUI.csproj", "{9AB38373-EDAE-47BC-872A-8D8C3000CC9D}"
EndProject
Project("{9A19103F-16F7-4668-BE54-9A1E7A4F7556}") = "QuQuXRay", "Mods\QuQuXRay\QuQuXRay.csproj", "{B1AA0E5D-2EC8-4C13-AADD-AF06E45C0535}"
EndProject
Project("{9A19103F-16F7-4668-BE54-9A1E7A4F7556}") = "ZhuJianPlus", "Mods\ZhuJianPlus\ZhuJianPlus.csproj", "{6C5A1B27-048B-448C-8EFF-939D76796A7B}"
EndProject
Project("{9A19103F-16F7-4668-BE54-9A1E7A4F7556}") = "ShowMeMore", "Mods\ShowMeMore\ShowMeMore.csproj", "{3F24E05D-E3BE-41D6-BE02-7853ADA4A1F0}"
EndProject
Project("{9A19103F-16F7-4668-BE54-9A1E7A4F7556}") = "SmartWear", "Mods\SmartWear\SmartWear.csproj", "{B7666AA7-82F9-4F67-9EAB-BA85ADD530F0}"
EndProject
Global
	GlobalSection(SolutionConfigurationPlatforms) = preSolution
		Debug|Any CPU = Debug|Any CPU
		Release|Any CPU = Release|Any CPU
	EndGlobalSection
	GlobalSection(ProjectConfigurationPlatforms) = postSolution
		{1182D8F2-0456-49AC-8C4C-77E09723949F}.Debug|Any CPU.ActiveCfg = Debug|Any CPU
		{1182D8F2-0456-49AC-8C4C-77E09723949F}.Debug|Any CPU.Build.0 = Debug|Any CPU
		{1182D8F2-0456-49AC-8C4C-77E09723949F}.Release|Any CPU.ActiveCfg = Release|Any CPU
		{1182D8F2-0456-49AC-8C4C-77E09723949F}.Release|Any CPU.Build.0 = Release|Any CPU
		{78E707C6-4864-448B-9B44-439BD1FEE26E}.Debug|Any CPU.ActiveCfg = Debug|Any CPU
		{78E707C6-4864-448B-9B44-439BD1FEE26E}.Debug|Any CPU.Build.0 = Debug|Any CPU
		{78E707C6-4864-448B-9B44-439BD1FEE26E}.Release|Any CPU.ActiveCfg = Release|Any CPU
		{78E707C6-4864-448B-9B44-439BD1FEE26E}.Release|Any CPU.Build.0 = Release|Any CPU
		{2E6DCACF-514A-48C3-BBAC-3CD9A49DBE24}.Debug|Any CPU.ActiveCfg = Debug|Any CPU
		{2E6DCACF-514A-48C3-BBAC-3CD9A49DBE24}.Debug|Any CPU.Build.0 = Debug|Any CPU
		{2E6DCACF-514A-48C3-BBAC-3CD9A49DBE24}.Release|Any CPU.ActiveCfg = Release|Any CPU
		{2E6DCACF-514A-48C3-BBAC-3CD9A49DBE24}.Release|Any CPU.Build.0 = Release|Any CPU
		{D158FB2D-DCFA-44C8-A70D-02C8420674FF}.Debug|Any CPU.ActiveCfg = Debug|Any CPU
		{D158FB2D-DCFA-44C8-A70D-02C8420674FF}.Debug|Any CPU.Build.0 = Debug|Any CPU
		{D158FB2D-DCFA-44C8-A70D-02C8420674FF}.Release|Any CPU.ActiveCfg = Release|Any CPU
		{D158FB2D-DCFA-44C8-A70D-02C8420674FF}.Release|Any CPU.Build.0 = Release|Any CPU
		{208A40D3-4905-4261-B396-279BF137B343}.Debug|Any CPU.ActiveCfg = Debug|Any CPU
		{208A40D3-4905-4261-B396-279BF137B343}.Debug|Any CPU.Build.0 = Debug|Any CPU
		{208A40D3-4905-4261-B396-279BF137B343}.Release|Any CPU.ActiveCfg = Release|Any CPU
		{208A40D3-4905-4261-B396-279BF137B343}.Release|Any CPU.Build.0 = Release|Any CPU
		{1745A9FF-FCE6-4D53-A9C4-8FD0FA6AFE5F}.Debug|Any CPU.ActiveCfg = Debug|Any CPU
		{1745A9FF-FCE6-4D53-A9C4-8FD0FA6AFE5F}.Debug|Any CPU.Build.0 = Debug|Any CPU
		{1745A9FF-FCE6-4D53-A9C4-8FD0FA6AFE5F}.Release|Any CPU.ActiveCfg = Release|Any CPU
		{1745A9FF-FCE6-4D53-A9C4-8FD0FA6AFE5F}.Release|Any CPU.Build.0 = Release|Any CPU
		{BB9BA7F8-BC3D-4B69-A31E-3EB09BE05DFA}.Debug|Any CPU.ActiveCfg = Debug|Any CPU
		{BB9BA7F8-BC3D-4B69-A31E-3EB09BE05DFA}.Debug|Any CPU.Build.0 = Debug|Any CPU
		{BB9BA7F8-BC3D-4B69-A31E-3EB09BE05DFA}.Release|Any CPU.ActiveCfg = Release|Any CPU
		{BB9BA7F8-BC3D-4B69-A31E-3EB09BE05DFA}.Release|Any CPU.Build.0 = Release|Any CPU
		{230C1396-9DD5-4D2C-98F5-5D700425F785}.Debug|Any CPU.ActiveCfg = Debug|Any CPU
		{230C1396-9DD5-4D2C-98F5-5D700425F785}.Debug|Any CPU.Build.0 = Debug|Any CPU
		{230C1396-9DD5-4D2C-98F5-5D700425F785}.Release|Any CPU.ActiveCfg = Release|Any CPU
		{230C1396-9DD5-4D2C-98F5-5D700425F785}.Release|Any CPU.Build.0 = Release|Any CPU
		{9AB38373-EDAE-47BC-872A-8D8C3000CC9D}.Debug|Any CPU.ActiveCfg = Debug|Any CPU
		{9AB38373-EDAE-47BC-872A-8D8C3000CC9D}.Debug|Any CPU.Build.0 = Debug|Any CPU
		{9AB38373-EDAE-47BC-872A-8D8C3000CC9D}.Release|Any CPU.ActiveCfg = Release|Any CPU
		{9AB38373-EDAE-47BC-872A-8D8C3000CC9D}.Release|Any CPU.Build.0 = Release|Any CPU
		{B1AA0E5D-2EC8-4C13-AADD-AF06E45C0535}.Debug|Any CPU.ActiveCfg = Debug|Any CPU
		{B1AA0E5D-2EC8-4C13-AADD-AF06E45C0535}.Debug|Any CPU.Build.0 = Debug|Any CPU
		{B1AA0E5D-2EC8-4C13-AADD-AF06E45C0535}.Release|Any CPU.ActiveCfg = Release|Any CPU
		{B1AA0E5D-2EC8-4C13-AADD-AF06E45C0535}.Release|Any CPU.Build.0 = Release|Any CPU
		{6C5A1B27-048B-448C-8EFF-939D76796A7B}.Debug|Any CPU.ActiveCfg = Debug|Any CPU
		{6C5A1B27-048B-448C-8EFF-939D76796A7B}.Debug|Any CPU.Build.0 = Debug|Any CPU
		{6C5A1B27-048B-448C-8EFF-939D76796A7B}.Release|Any CPU.ActiveCfg = Release|Any CPU
		{6C5A1B27-048B-448C-8EFF-939D76796A7B}.Release|Any CPU.Build.0 = Release|Any CPU
		{3F24E05D-E3BE-41D6-BE02-7853ADA4A1F0}.Debug|Any CPU.ActiveCfg = Debug|Any CPU
		{3F24E05D-E3BE-41D6-BE02-7853ADA4A1F0}.Debug|Any CPU.Build.0 = Debug|Any CPU
		{3F24E05D-E3BE-41D6-BE02-7853ADA4A1F0}.Release|Any CPU.ActiveCfg = Release|Any CPU
		{3F24E05D-E3BE-41D6-BE02-7853ADA4A1F0}.Release|Any CPU.Build.0 = Release|Any CPU
		{B7666AA7-82F9-4F67-9EAB-BA85ADD530F0}.Debug|Any CPU.ActiveCfg = Debug|Any CPU
		{B7666AA7-82F9-4F67-9EAB-BA85ADD530F0}.Debug|Any CPU.Build.0 = Debug|Any CPU
		{B7666AA7-82F9-4F67-9EAB-BA85ADD530F0}.Release|Any CPU.ActiveCfg = Release|Any CPU
		{B7666AA7-82F9-4F67-9EAB-BA85ADD530F0}.Release|Any CPU.Build.0 = Release|Any CPU
	EndGlobalSection
	GlobalSection(SolutionProperties) = preSolution
		HideSolutionNode = FALSE
	EndGlobalSection
	GlobalSection(NestedProjects) = preSolution
		{1182D8F2-0456-49AC-8C4C-77E09723949F} = {8EB86F81-2694-47F9-BFDA-7D7CF7896DF1}
	EndGlobalSection
	GlobalSection(ExtensibilityGlobals) = postSolution
		SolutionGuid = {75546123-DDC0-4074-83B6-C1959DDC3885}
	EndGlobalSection
EndGlobal
